hash: be51ed24eeb0dc0ca8834fc5b40f4b7fbc27aedf3a2ea4742ab5f3996f88652a
updated: 2016-05-05T23:04:09.859330472-04:00
imports:
- name: github.com/docopt/docopt-go
  version: 784ddc588536785e7299f7272f39101f7faccc3f
- name: github.com/metakeule/fmtdate
  version: 427373e7d2f8fcaa70a83e289c15fb3618a945bc
devImports: []
